
Microsoft Visual Studio Solution File, Format Version 12.00
# Visual Studio Version 17
VisualStudioVersion = 17.2.32630.192
MinimumVisualStudioVersion = 10.0.40219.1
Project("{2150E333-8FDC-42A3-9474-1A3956D46DE8}") = "src", "src", "{1DADC930-FD2B-461B-87B1-1D6C91AA9F6B}"
EndProject
Project("{9A19103F-16F7-4668-BE54-9A1E7A4F7556}") = "Slackers.SecurityQuestions.ConsoleScreen", "src\Slackers.SecurityQuestions.ConsoleScreen\Slackers.SecurityQuestions.ConsoleScreen.csproj", "{9F75D266-E3CD-4738-9428-054512B1DF37}"
EndProject
Project("{9A19103F-16F7-4668-BE54-9A1E7A4F7556}") = "Slackers.SecurityQuestions.Security", "src\Slackers.Security\Slackers.SecurityQuestions.Security.csproj", "{B90CB577-475F-4C96-A973-AB0D454161A4}"
EndProject
Project("{9A19103F-16F7-4668-BE54-9A1E7A4F7556}") = "Slackers.Repository", "src\Slackers.Repository\Slackers.Repository.csproj", "{CE07F34E-AB2E-4DD5-935D-487CCF993C86}"
EndProject
Project("{9A19103F-16F7-4668-BE54-9A1E7A4F7556}") = "Slackers.Repository.LiteDb", "src\Slackers.Repository.LiteDb\Slackers.Repository.LiteDb.csproj", "{D605B3AC-259C-4785-9A32-CAA52C7ECA67}"
EndProject
Global
	GlobalSection(SolutionConfigurationPlatforms) = preSolution
		Debug|Any CPU = Debug|Any CPU
		Release|Any CPU = Release|Any CPU
	EndGlobalSection
	GlobalSection(ProjectConfigurationPlatforms) = postSolution
		{9F75D266-E3CD-4738-9428-054512B1DF37}.Debug|Any CPU.ActiveCfg = Debug|Any CPU
		{9F75D266-E3CD-4738-9428-054512B1DF37}.Debug|Any CPU.Build.0 = Debug|Any CPU
		{9F75D266-E3CD-4738-9428-054512B1DF37}.Release|Any CPU.ActiveCfg = Release|Any CPU
		{9F75D266-E3CD-4738-9428-054512B1DF37}.Release|Any CPU.Build.0 = Release|Any CPU
		{B90CB577-475F-4C96-A973-AB0D454161A4}.Debug|Any CPU.ActiveCfg = Debug|Any CPU
		{B90CB577-475F-4C96-A973-AB0D454161A4}.Debug|Any CPU.Build.0 = Debug|Any CPU
		{B90CB577-475F-4C96-A973-AB0D454161A4}.Release|Any CPU.ActiveCfg = Release|Any CPU
		{B90CB577-475F-4C96-A973-AB0D454161A4}.Release|Any CPU.Build.0 = Release|Any CPU
		{CE07F34E-AB2E-4DD5-935D-487CCF993C86}.Debug|Any CPU.ActiveCfg = Debug|Any CPU
		{CE07F34E-AB2E-4DD5-935D-487CCF993C86}.Debug|Any CPU.Build.0 = Debug|Any CPU
		{CE07F34E-AB2E-4DD5-935D-487CCF993C86}.Release|Any CPU.ActiveCfg = Release|Any CPU
		{CE07F34E-AB2E-4DD5-935D-487CCF993C86}.Release|Any CPU.Build.0 = Release|Any CPU
		{D605B3AC-259C-4785-9A32-CAA52C7ECA67}.Debug|Any CPU.ActiveCfg = Debug|Any CPU
		{D605B3AC-259C-4785-9A32-CAA52C7ECA67}.Debug|Any CPU.Build.0 = Debug|Any CPU
		{D605B3AC-259C-4785-9A32-CAA52C7ECA67}.Release|Any CPU.ActiveCfg = Release|Any CPU
		{D605B3AC-259C-4785-9A32-CAA52C7ECA67}.Release|Any CPU.Build.0 = Release|Any CPU
	EndGlobalSection
	GlobalSection(SolutionProperties) = preSolution
		HideSolutionNode = FALSE
	EndGlobalSection
	GlobalSection(NestedProjects) = preSolution
		{9F75D266-E3CD-4738-9428-054512B1DF37} = {1DADC930-FD2B-461B-87B1-1D6C91AA9F6B}
		{B90CB577-475F-4C96-A973-AB0D454161A4} = {1DADC930-FD2B-461B-87B1-1D6C91AA9F6B}
		{CE07F34E-AB2E-4DD5-935D-487CCF993C86} = {1DADC930-FD2B-461B-87B1-1D6C91AA9F6B}
		{D605B3AC-259C-4785-9A32-CAA52C7ECA67} = {1DADC930-FD2B-461B-87B1-1D6C91AA9F6B}
	EndGlobalSection
	GlobalSection(ExtensibilityGlobals) = postSolution
		SolutionGuid = {5BAFC427-6795-4790-BBCB-3D9C5B7AE973}
	EndGlobalSection
EndGlobal
